// !$*UTF8*$!
{
	archiveVersion = 1;
	classes = {
	};
	objectVersion = 46;
	objects = {

/* Begin PBXBuildFile section */
		95A1D3B81BA7C6B000D46D15 /* AppDelegate.swift in Sources */ = {isa = PBXBuildFile; fileRef = 95A1D3B71BA7C6B000D46D15 /* AppDelegate.swift */; };
		95A1D3BA1BA7C6B000D46D15 /* ViewController.swift in Sources */ = {isa = PBXBuildFile; fileRef = 95A1D3B91BA7C6B000D46D15 /* ViewController.swift */; };
		95A1D3BD1BA7C6B000D46D15 /* Main.storyboard in Resources */ = {isa = PBXBuildFile; fileRef = 95A1D3BB1BA7C6B000D46D15 /* Main.storyboard */; };
		95A1D3C01BA7C6B000D46D15 /* Gojimo.xcdatamodeld in Sources */ = {isa = PBXBuildFile; fileRef = 95A1D3BE1BA7C6B000D46D15 /* Gojimo.xcdatamodeld */; };
		95A1D3C21BA7C6B000D46D15 /* Assets.xcassets in Resources */ = {isa = PBXBuildFile; fileRef = 95A1D3C11BA7C6B000D46D15 /* Assets.xcassets */; };
		95A1D3C51BA7C6B000D46D15 /* LaunchScreen.storyboard in Resources */ = {isa = PBXBuildFile; fileRef = 95A1D3C31BA7C6B000D46D15 /* LaunchScreen.storyboard */; };
		95A1D3D01BA7C6B000D46D15 /* GojimoTests.swift in Sources */ = {isa = PBXBuildFile; fileRef = 95A1D3CF1BA7C6B000D46D15 /* GojimoTests.swift */; };
		95A1D3DB1BA7C6B100D46D15 /* GojimoUITests.swift in Sources */ = {isa = PBXBuildFile; fileRef = 95A1D3DA1BA7C6B100D46D15 /* GojimoUITests.swift */; };
		95A1D4041BA7CBCE00D46D15 /* Qualification+Request.swift in Sources */ = {isa = PBXBuildFile; fileRef = 95A1D4031BA7CBCE00D46D15 /* Qualification+Request.swift */; settings = {ASSET_TAGS = (); }; };
		95A1D4141BA7CD5400D46D15 /* Assets.m in Sources */ = {isa = PBXBuildFile; fileRef = 95A1D4061BA7CD5400D46D15 /* Assets.m */; settings = {ASSET_TAGS = (); }; };
		95A1D4151BA7CD5400D46D15 /* Country.m in Sources */ = {isa = PBXBuildFile; fileRef = 95A1D4081BA7CD5400D46D15 /* Country.m */; settings = {ASSET_TAGS = (); }; };
		95A1D4161BA7CD5400D46D15 /* DefaultProducts.m in Sources */ = {isa = PBXBuildFile; fileRef = 95A1D40B1BA7CD5400D46D15 /* DefaultProducts.m */; settings = {ASSET_TAGS = (); }; };
		95A1D4171BA7CD5400D46D15 /* Info.m in Sources */ = {isa = PBXBuildFile; fileRef = 95A1D40D1BA7CD5400D46D15 /* Info.m */; settings = {ASSET_TAGS = (); }; };
		95A1D4181BA7CD5400D46D15 /* Publisher.m in Sources */ = {isa = PBXBuildFile; fileRef = 95A1D40F1BA7CD5400D46D15 /* Publisher.m */; settings = {ASSET_TAGS = (); }; };
		95A1D4191BA7CD5400D46D15 /* Qualification.m in Sources */ = {isa = PBXBuildFile; fileRef = 95A1D4111BA7CD5400D46D15 /* Qualification.m */; settings = {ASSET_TAGS = (); }; };
		95A1D41A1BA7CD5400D46D15 /* Subjects.m in Sources */ = {isa = PBXBuildFile; fileRef = 95A1D4131BA7CD5400D46D15 /* Subjects.m */; settings = {ASSET_TAGS = (); }; };
/* End PBXBuildFile section */

/* Begin PBXContainerItemProxy section */
		95A1D3CC1BA7C6B000D46D15 /* PBXContainerItemProxy */ = {
			isa = PBXContainerItemProxy;
			containerPortal = 95A1D3AC1BA7C6B000D46D15 /* Project object */;
			proxyType = 1;
			remoteGlobalIDString = 95A1D3B31BA7C6B000D46D15;
			remoteInfo = Gojimo;
		};
		95A1D3D71BA7C6B100D46D15 /* PBXContainerItemProxy */ = {
			isa = PBXContainerItemProxy;
			containerPortal = 95A1D3AC1BA7C6B000D46D15 /* Project object */;
			proxyType = 1;
			remoteGlobalIDString = 95A1D3B31BA7C6B000D46D15;
			remoteInfo = Gojimo;
		};
/* End PBXContainerItemProxy section */

/* Begin PBXFileReference section */
		95A1D3B41BA7C6B000D46D15 /* Gojimo.app */ = {isa = PBXFileReference; explicitFileType = wrapper.application; includeInIndex = 0; path = Gojimo.app; sourceTree = BUILT_PRODUCTS_DIR; };
		95A1D3B71BA7C6B000D46D15 /* AppDelegate.swift */ = {isa = PBXFileReference; lastKnownFileType = sourcecode.swift; path = AppDelegate.swift; sourceTree = "<group>"; };
		95A1D3B91BA7C6B000D46D15 /* ViewController.swift */ = {isa = PBXFileReference; lastKnownFileType = sourcecode.swift; path = ViewController.swift; sourceTree = "<group>"; };
		95A1D3BC1BA7C6B000D46D15 /* Base */ = {isa = PBXFileReference; lastKnownFileType = file.storyboard; name = Base; path = Base.lproj/Main.storyboard; sourceTree = "<group>"; };
		95A1D3BF1BA7C6B000D46D15 /* Gojimo.xcdatamodel */ = {isa = PBXFileReference; lastKnownFileType = wrapper.xcdatamodel; path = Gojimo.xcdatamodel; sourceTree = "<group>"; };
		95A1D3C11BA7C6B000D46D15 /* Assets.xcassets */ = {isa = PBXFileReference; lastKnownFileType = folder.assetcatalog; path = Assets.xcassets; sourceTree = "<group>"; };
		95A1D3C41BA7C6B000D46D15 /* Base */ = {isa = PBXFileReference; lastKnownFileType = file.storyboard; name = Base; path = Base.lproj/LaunchScreen.storyboard; sourceTree = "<group>"; };
		95A1D3C61BA7C6B000D46D15 /* Info.plist */ = {isa = PBXFileReference; lastKnownFileType = text.plist.xml; path = Info.plist; sourceTree = "<group>"; };
		95A1D3CB1BA7C6B000D46D15 /* GojimoTests.xctest */ = {isa = PBXFileReference; explicitFileType = wrapper.cfbundle; includeInIndex = 0; path = GojimoTests.xctest; sourceTree = BUILT_PRODUCTS_DIR; };
		95A1D3CF1BA7C6B000D46D15 /* GojimoTests.swift */ = {isa = PBXFileReference; lastKnownFileType = sourcecode.swift; path = GojimoTests.swift; sourceTree = "<group>"; };
		95A1D3D11BA7C6B000D46D15 /* Info.plist */ = {isa = PBXFileReference; lastKnownFileType = text.plist.xml; path = Info.plist; sourceTree = "<group>"; };
		95A1D3D61BA7C6B100D46D15 /* GojimoUITests.xctest */ = {isa = PBXFileReference; explicitFileType = wrapper.cfbundle; includeInIndex = 0; path = GojimoUITests.xctest; sourceTree = BUILT_PRODUCTS_DIR; };
		95A1D3DA1BA7C6B100D46D15 /* GojimoUITests.swift */ = {isa = PBXFileReference; lastKnownFileType = sourcecode.swift; path = GojimoUITests.swift; sourceTree = "<group>"; };
		95A1D3DC1BA7C6B100D46D15 /* Info.plist */ = {isa = PBXFileReference; lastKnownFileType = text.plist.xml; path = Info.plist; sourceTree = "<group>"; };
		95A1D3EA1BA7C9EA00D46D15 /* Gojimo-Bridging-Header.h */ = {isa = PBXFileReference; lastKnownFileType = sourcecode.c.h; path = "Gojimo-Bridging-Header.h"; sourceTree = "<group>"; };
		95A1D4031BA7CBCE00D46D15 /* Qualification+Request.swift */ = {isa = PBXFileReference; fileEncoding = 4; lastKnownFileType = sourcecode.swift; name = "Qualification+Request.swift"; path = "Classes/Models/Extensions/Qualification+Request.swift"; sourceTree = "<group>"; };
		95A1D4051BA7CD5400D46D15 /* Assets.h */ = {isa = PBXFileReference; fileEncoding = 4; lastKnownFileType = sourcecode.c.h; name = Assets.h; path = Classes/Models/Bases/Assets.h; sourceTree = "<group>"; };
		95A1D4061BA7CD5400D46D15 /* Assets.m */ = {isa = PBXFileReference; fileEncoding = 4; lastKnownFileType = sourcecode.c.objc; name = Assets.m; path = Classes/Models/Bases/Assets.m; sourceTree = "<group>"; };
		95A1D4071BA7CD5400D46D15 /* Country.h */ = {isa = PBXFileReference; fileEncoding = 4; lastKnownFileType = sourcecode.c.h; name = Country.h; path = Classes/Models/Bases/Country.h; sourceTree = "<group>"; };
		95A1D4081BA7CD5400D46D15 /* Country.m */ = {isa = PBXFileReference; fileEncoding = 4; lastKnownFileType = sourcecode.c.objc; name = Country.m; path = Classes/Models/Bases/Country.m; sourceTree = "<group>"; };
		95A1D4091BA7CD5400D46D15 /* DataModels.h */ = {isa = PBXFileReference; fileEncoding = 4; lastKnownFileType = sourcecode.c.h; name = DataModels.h; path = Classes/Models/Bases/DataModels.h; sourceTree = "<group>"; };
		95A1D40A1BA7CD5400D46D15 /* DefaultProducts.h */ = {isa = PBXFileReference; fileEncoding = 4; lastKnownFileType = sourcecode.c.h; name = DefaultProducts.h; path = Classes/Models/Bases/DefaultProducts.h; sourceTree = "<group>"; };
		95A1D40B1BA7CD5400D46D15 /* DefaultProducts.m */ = {isa = PBXFileReference; fileEncoding = 4; lastKnownFileType = sourcecode.c.objc; name = DefaultProducts.m; path = Classes/Models/Bases/DefaultProducts.m; sourceTree = "<group>"; };
		95A1D40C1BA7CD5400D46D15 /* Info.h */ = {isa = PBXFileReference; fileEncoding = 4; lastKnownFileType = sourcecode.c.h; name = Info.h; path = Classes/Models/Bases/Info.h; sourceTree = "<group>"; };
		95A1D40D1BA7CD5400D46D15 /* Info.m */ = {isa = PBXFileReference; fileEncoding = 4; lastKnownFileType = sourcecode.c.objc; name = Info.m; path = Classes/Models/Bases/Info.m; sourceTree = "<group>"; };
		95A1D40E1BA7CD5400D46D15 /* Publisher.h */ = {isa = PBXFileReference; fileEncoding = 4; lastKnownFileType = sourcecode.c.h; name = Publisher.h; path = Classes/Models/Bases/Publisher.h; sourceTree = "<group>"; };
		95A1D40F1BA7CD5400D46D15 /* Publisher.m */ = {isa = PBXFileReference; fileEncoding = 4; lastKnownFileType = sourcecode.c.objc; name = Publisher.m; path = Classes/Models/Bases/Publisher.m; sourceTree = "<group>"; };
		95A1D4101BA7CD5400D46D15 /* Qualification.h */ = {isa = PBXFileReference; fileEncoding = 4; lastKnownFileType = sourcecode.c.h; name = Qualification.h; path = Classes/Models/Bases/Qualification.h; sourceTree = "<group>"; };
		95A1D4111BA7CD5400D46D15 /* Qualification.m */ = {isa = PBXFileReference; fileEncoding = 4; lastKnownFileType = sourcecode.c.objc; name = Qualification.m; path = Classes/Models/Bases/Qualification.m; sourceTree = "<group>"; };
		95A1D4121BA7CD5400D46D15 /* Subjects.h */ = {isa = PBXFileReference; fileEncoding = 4; lastKnownFileType = sourcecode.c.h; name = Subjects.h; path = Classes/Models/Bases/Subjects.h; sourceTree = "<group>"; };
		95A1D4131BA7CD5400D46D15 /* Subjects.m */ = {isa = PBXFileReference; fileEncoding = 4; lastKnownFileType = sourcecode.c.objc; name = Subjects.m; path = Classes/Models/Bases/Subjects.m; sourceTree = "<group>"; };
/* End PBXFileReference section */

/* Begin PBXFrameworksBuildPhase section */
		95A1D3B11BA7C6B000D46D15 /* Frameworks */ = {
			isa = PBXFrameworksBuildPhase;
			buildActionMask = 2147483647;
			files = (
			);
			runOnlyForDeploymentPostprocessing = 0;
		};
		95A1D3C81BA7C6B000D46D15 /* Frameworks */ = {
			isa = PBXFrameworksBuildPhase;
			buildActionMask = 2147483647;
			files = (
			);
			runOnlyForDeploymentPostprocessing = 0;
		};
		95A1D3D31BA7C6B100D46D15 /* Frameworks */ = {
			isa = PBXFrameworksBuildPhase;
			buildActionMask = 2147483647;
			files = (
			);
			runOnlyForDeploymentPostprocessing = 0;
		};
/* End PBXFrameworksBuildPhase section */

/* Begin PBXGroup section */
		95A1D3AB1BA7C6B000D46D15 = {
			isa = PBXGroup;
			children = (
				95A1D3B61BA7C6B000D46D15 /* Gojimo */,
				95A1D3CE1BA7C6B000D46D15 /* GojimoTests */,
				95A1D3D91BA7C6B100D46D15 /* GojimoUITests */,
				95A1D3B51BA7C6B000D46D15 /* Products */,
			);
			sourceTree = "<group>";
		};
		95A1D3B51BA7C6B000D46D15 /* Products */ = {
			isa = PBXGroup;
			children = (
				95A1D3B41BA7C6B000D46D15 /* Gojimo.app */,
				95A1D3CB1BA7C6B000D46D15 /* GojimoTests.xctest */,
				95A1D3D61BA7C6B100D46D15 /* GojimoUITests.xctest */,
			);
			name = Products;
			sourceTree = "<group>";
		};
		95A1D3B61BA7C6B000D46D15 /* Gojimo */ = {
			isa = PBXGroup;
			children = (
				95A1D3E81BA7C9A300D46D15 /* Classes */,
				95A1D3B71BA7C6B000D46D15 /* AppDelegate.swift */,
				95A1D3B91BA7C6B000D46D15 /* ViewController.swift */,
				95A1D3BB1BA7C6B000D46D15 /* Main.storyboard */,
				95A1D3C11BA7C6B000D46D15 /* Assets.xcassets */,
				95A1D3C31BA7C6B000D46D15 /* LaunchScreen.storyboard */,
				95A1D3C61BA7C6B000D46D15 /* Info.plist */,
				95A1D3BE1BA7C6B000D46D15 /* Gojimo.xcdatamodeld */,
				95A1D3EA1BA7C9EA00D46D15 /* Gojimo-Bridging-Header.h */,
			);
			path = Gojimo;
			sourceTree = "<group>";
		};
		95A1D3CE1BA7C6B000D46D15 /* GojimoTests */ = {
			isa = PBXGroup;
			children = (
				95A1D3CF1BA7C6B000D46D15 /* GojimoTests.swift */,
				95A1D3D11BA7C6B000D46D15 /* Info.plist */,
			);
			path = GojimoTests;
			sourceTree = "<group>";
		};
		95A1D3D91BA7C6B100D46D15 /* GojimoUITests */ = {
			isa = PBXGroup;
			children = (
				95A1D3DA1BA7C6B100D46D15 /* GojimoUITests.swift */,
				95A1D3DC1BA7C6B100D46D15 /* Info.plist */,
			);
			path = GojimoUITests;
			sourceTree = "<group>";
		};
		95A1D3E81BA7C9A300D46D15 /* Classes */ = {
			isa = PBXGroup;
			children = (
				95A1D3E91BA7C9A800D46D15 /* Models */,
			);
			name = Classes;
			sourceTree = "<group>";
		};
		95A1D3E91BA7C9A800D46D15 /* Models */ = {
			isa = PBXGroup;
			children = (
				95A1D4021BA7CB8800D46D15 /* Requests */,
				95A1D4011BA7CB6D00D46D15 /* Bases */,
			);
			name = Models;
			sourceTree = "<group>";
		};
		95A1D4011BA7CB6D00D46D15 /* Bases */ = {
			isa = PBXGroup;
			children = (
				95A1D4051BA7CD5400D46D15 /* Assets.h */,
				95A1D4061BA7CD5400D46D15 /* Assets.m */,
				95A1D4071BA7CD5400D46D15 /* Country.h */,
				95A1D4081BA7CD5400D46D15 /* Country.m */,
				95A1D4091BA7CD5400D46D15 /* DataModels.h */,
				95A1D40A1BA7CD5400D46D15 /* DefaultProducts.h */,
				95A1D40B1BA7CD5400D46D15 /* DefaultProducts.m */,
				95A1D40C1BA7CD5400D46D15 /* Info.h */,
				95A1D40D1BA7CD5400D46D15 /* Info.m */,
				95A1D40E1BA7CD5400D46D15 /* Publisher.h */,
				95A1D40F1BA7CD5400D46D15 /* Publisher.m */,
				95A1D4101BA7CD5400D46D15 /* Qualification.h */,
				95A1D4111BA7CD5400D46D15 /* Qualification.m */,
				95A1D4121BA7CD5400D46D15 /* Subjects.h */,
				95A1D4131BA7CD5400D46D15 /* Subjects.m */,
			);
			name = Bases;
			sourceTree = "<group>";
		};
		95A1D4021BA7CB8800D46D15 /* Requests */ = {
			isa = PBXGroup;
			children = (
				95A1D4031BA7CBCE00D46D15 /* Qualification+Request.swift */,
			);
			name = Requests;
			sourceTree = "<group>";
		};
/* End PBXGroup section */

/* Begin PBXNativeTarget section */
		95A1D3B31BA7C6B000D46D15 /* Gojimo */ = {
			isa = PBXNativeTarget;
			buildConfigurationList = 95A1D3DF1BA7C6B100D46D15 /* Build configuration list for PBXNativeTarget "Gojimo" */;
			buildPhases = (
				95A1D3B01BA7C6B000D46D15 /* Sources */,
				95A1D3B11BA7C6B000D46D15 /* Frameworks */,
				95A1D3B21BA7C6B000D46D15 /* Resources */,
			);
			buildRules = (
			);
			dependencies = (
			);
			name = Gojimo;
			productName = Gojimo;
			productReference = 95A1D3B41BA7C6B000D46D15 /* Gojimo.app */;
			productType = "com.apple.product-type.application";
		};
		95A1D3CA1BA7C6B000D46D15 /* GojimoTests */ = {
			isa = PBXNativeTarget;
			buildConfigurationList = 95A1D3E21BA7C6B100D46D15 /* Build configuration list for PBXNativeTarget "GojimoTests" */;
			buildPhases = (
				95A1D3C71BA7C6B000D46D15 /* Sources */,
				95A1D3C81BA7C6B000D46D15 /* Frameworks */,
				95A1D3C91BA7C6B000D46D15 /* Resources */,
			);
			buildRules = (
			);
			dependencies = (
				95A1D3CD1BA7C6B000D46D15 /* PBXTargetDependency */,
			);
			name = GojimoTests;
			productName = GojimoTests;
			productReference = 95A1D3CB1BA7C6B000D46D15 /* GojimoTests.xctest */;
			productType = "com.apple.product-type.bundle.unit-test";
		};
		95A1D3D51BA7C6B100D46D15 /* GojimoUITests */ = {
			isa = PBXNativeTarget;
			buildConfigurationList = 95A1D3E51BA7C6B100D46D15 /* Build configuration list for PBXNativeTarget "GojimoUITests" */;
			buildPhases = (
				95A1D3D21BA7C6B100D46D15 /* Sources */,
				95A1D3D31BA7C6B100D46D15 /* Frameworks */,
				95A1D3D41BA7C6B100D46D15 /* Resources */,
			);
			buildRules = (
			);
			dependencies = (
				95A1D3D81BA7C6B100D46D15 /* PBXTargetDependency */,
			);
			name = GojimoUITests;
			productName = GojimoUITests;
			productReference = 95A1D3D61BA7C6B100D46D15 /* GojimoUITests.xctest */;
			productType = "com.apple.product-type.bundle.ui-testing";
		};
/* End PBXNativeTarget section */

/* Begin PBXProject section */
		95A1D3AC1BA7C6B000D46D15 /* Project object */ = {
			isa = PBXProject;
			attributes = {
				LastSwiftUpdateCheck = 0700;
				LastUpgradeCheck = 0700;
				ORGANIZATIONNAME = "Roger TAN";
				TargetAttributes = {
					95A1D3B31BA7C6B000D46D15 = {
						CreatedOnToolsVersion = 7.0;
					};
					95A1D3CA1BA7C6B000D46D15 = {
						CreatedOnToolsVersion = 7.0;
						TestTargetID = 95A1D3B31BA7C6B000D46D15;
					};
					95A1D3D51BA7C6B100D46D15 = {
						CreatedOnToolsVersion = 7.0;
						TestTargetID = 95A1D3B31BA7C6B000D46D15;
					};
				};
			};
			buildConfigurationList = 95A1D3AF1BA7C6B000D46D15 /* Build configuration list for PBXProject "Gojimo" */;
			compatibilityVersion = "Xcode 3.2";
			developmentRegion = English;
			hasScannedForEncodings = 0;
			knownRegions = (
				en,
				Base,
			);
			mainGroup = 95A1D3AB1BA7C6B000D46D15;
			productRefGroup = 95A1D3B51BA7C6B000D46D15 /* Products */;
			projectDirPath = "";
			projectRoot = "";
			targets = (
				95A1D3B31BA7C6B000D46D15 /* Gojimo */,
				95A1D3CA1BA7C6B000D46D15 /* GojimoTests */,
				95A1D3D51BA7C6B100D46D15 /* GojimoUITests */,
			);
		};
/* End PBXProject section */

/* Begin PBXResourcesBuildPhase section */
		95A1D3B21BA7C6B000D46D15 /* Resources */ = {
			isa = PBXResourcesBuildPhase;
			buildActionMask = 2147483647;
			files = (
				95A1D3C51BA7C6B000D46D15 /* LaunchScreen.storyboard in Resources */,
				95A1D3C21BA7C6B000D46D15 /* Assets.xcassets in Resources */,
				95A1D3BD1BA7C6B000D46D15 /* Main.storyboard in Resources */,
			);
			runOnlyForDeploymentPostprocessing = 0;
		};
		95A1D3C91BA7C6B000D46D15 /* Resources */ = {
			isa = PBXResourcesBuildPhase;
			buildActionMask = 2147483647;
			files = (
			);
			runOnlyForDeploymentPostprocessing = 0;
		};
		95A1D3D41BA7C6B100D46D15 /* Resources */ = {
			isa = PBXResourcesBuildPhase;
			buildActionMask = 2147483647;
			files = (
			);
			runOnlyForDeploymentPostprocessing = 0;
		};
/* End PBXResourcesBuildPhase section */

/* Begin PBXSourcesBuildPhase section */
		95A1D3B01BA7C6B000D46D15 /* Sources */ = {
			isa = PBXSourcesBuildPhase;
			buildActionMask = 2147483647;
			files = (
				95A1D41A1BA7CD5400D46D15 /* Subjects.m in Sources */,
				95A1D3C01BA7C6B000D46D15 /* Gojimo.xcdatamodeld in Sources */,
				95A1D4191BA7CD5400D46D15 /* Qualification.m in Sources */,
				95A1D4181BA7CD5400D46D15 /* Publisher.m in Sources */,
				95A1D3BA1BA7C6B000D46D15 /* ViewController.swift in Sources */,
				95A1D4141BA7CD5400D46D15 /* Assets.m in Sources */,
				95A1D3B81BA7C6B000D46D15 /* AppDelegate.swift in Sources */,
				95A1D4151BA7CD5400D46D15 /* Country.m in Sources */,
				95A1D4171BA7CD5400D46D15 /* Info.m in Sources */,
				95A1D4041BA7CBCE00D46D15 /* Qualification+Request.swift in Sources */,
				95A1D4161BA7CD5400D46D15 /* DefaultProducts.m in Sources */,
			);
			runOnlyForDeploymentPostprocessing = 0;
		};
		95A1D3C71BA7C6B000D46D15 /* Sources */ = {
			isa = PBXSourcesBuildPhase;
			buildActionMask = 2147483647;
			files = (
				95A1D3D01BA7C6B000D46D15 /* GojimoTests.swift in Sources */,
			);
			runOnlyForDeploymentPostprocessing = 0;
		};
		95A1D3D21BA7C6B100D46D15 /* Sources */ = {
			isa = PBXSourcesBuildPhase;
			buildActionMask = 2147483647;
			files = (
				95A1D3DB1BA7C6B100D46D15 /* GojimoUITests.swift in Sources */,
			);
			runOnlyForDeploymentPostprocessing = 0;
		};
/* End PBXSourcesBuildPhase section */

/* Begin PBXTargetDependency section */
		95A1D3CD1BA7C6B000D46D15 /* PBXTargetDependency */ = {
			isa = PBXTargetDependency;
			target = 95A1D3B31BA7C6B000D46D15 /* Gojimo */;
			targetProxy = 95A1D3CC1BA7C6B000D46D15 /* PBXContainerItemProxy */;
		};
		95A1D3D81BA7C6B100D46D15 /* PBXTargetDependency */ = {
			isa = PBXTargetDependency;
			target = 95A1D3B31BA7C6B000D46D15 /* Gojimo */;
			targetProxy = 95A1D3D71BA7C6B100D46D15 /* PBXContainerItemProxy */;
		};
/* End PBXTargetDependency section */

/* Begin PBXVariantGroup section */
		95A1D3BB1BA7C6B000D46D15 /* Main.storyboard */ = {
			isa = PBXVariantGroup;
			children = (
				95A1D3BC1BA7C6B000D46D15 /* Base */,
			);
			name = Main.storyboard;
			sourceTree = "<group>";
		};
		95A1D3C31BA7C6B000D46D15 /* LaunchScreen.storyboard */ = {
			isa = PBXVariantGroup;
			children = (
				95A1D3C41BA7C6B000D46D15 /* Base */,
			);
			name = LaunchScreen.storyboard;
			sourceTree = "<group>";
		};
/* End PBXVariantGroup section */

/* Begin XCBuildConfiguration section */
		95A1D3DD1BA7C6B100D46D15 /* Debug */ = {
			isa = XCBuildConfiguration;
			buildSettings = {
				ALWAYS_SEARCH_USER_PATHS = NO;
				CLANG_CXX_LANGUAGE_STANDARD = "gnu++0x";
				CLANG_CXX_LIBRARY = "libc++";
				CLANG_ENABLE_MODULES = YES;
				CLANG_ENABLE_OBJC_ARC = YES;
				CLANG_WARN_BOOL_CONVERSION = YES;
				CLANG_WARN_CONSTANT_CONVERSION = YES;
				CLANG_WARN_DIRECT_OBJC_ISA_USAGE = YES_ERROR;
				CLANG_WARN_EMPTY_BODY = YES;
				CLANG_WARN_ENUM_CONVERSION = YES;
				CLANG_WARN_INT_CONVERSION = YES;
				CLANG_WARN_OBJC_ROOT_CLASS = YES_ERROR;
				CLANG_WARN_UNREACHABLE_CODE = YES;
				CLANG_WARN__DUPLICATE_METHOD_MATCH = YES;
				"CODE_SIGN_IDENTITY[sdk=iphoneos*]" = "iPhone Developer";
				COPY_PHASE_STRIP = NO;
				DEBUG_INFORMATION_FORMAT = dwarf;
				ENABLE_STRICT_OBJC_MSGSEND = YES;
				ENABLE_TESTABILITY = YES;
				GCC_C_LANGUAGE_STANDARD = gnu99;
				GCC_DYNAMIC_NO_PIC = NO;
				GCC_NO_COMMON_BLOCKS = YES;
				GCC_OPTIMIZATION_LEVEL = 0;
				GCC_PREPROCESSOR_DEFINITIONS = (
					"DEBUG=1",
					"$(inherited)",
				);
				GCC_WARN_64_TO_32_BIT_CONVERSION = YES;
				GCC_WARN_ABOUT_RETURN_TYPE = YES_ERROR;
				GCC_WARN_UNDECLARED_SELECTOR = YES;
				GCC_WARN_UNINITIALIZED_AUTOS = YES_AGGRESSIVE;
				GCC_WARN_UNUSED_FUNCTION = YES;
				GCC_WARN_UNUSED_VARIABLE = YES;
				IPHONEOS_DEPLOYMENT_TARGET = 9.0;
				MTL_ENABLE_DEBUG_INFO = YES;
				ONLY_ACTIVE_ARCH = YES;
				SDKROOT = iphoneos;
				SWIFT_OPTIMIZATION_LEVEL = "-Onone";
				TARGETED_DEVICE_FAMILY = "1,2";
			};
			name = Debug;
		};
		95A1D3DE1BA7C6B100D46D15 /* Release */ = {
			isa = XCBuildConfiguration;
			buildSettings = {
				ALWAYS_SEARCH_USER_PATHS = NO;
				CLANG_CXX_LANGUAGE_STANDARD = "gnu++0x";
				CLANG_CXX_LIBRARY = "libc++";
				CLANG_ENABLE_MODULES = YES;
				CLANG_ENABLE_OBJC_ARC = YES;
				CLANG_WARN_BOOL_CONVERSION = YES;
				CLANG_WARN_CONSTANT_CONVERSION = YES;
				CLANG_WARN_DIRECT_OBJC_ISA_USAGE = YES_ERROR;
				CLANG_WARN_EMPTY_BODY = YES;
				CLANG_WARN_ENUM_CONVERSION = YES;
				CLANG_WARN_INT_CONVERSION = YES;
				CLANG_WARN_OBJC_ROOT_CLASS = YES_ERROR;
				CLANG_WARN_UNREACHABLE_CODE = YES;
				CLANG_WARN__DUPLICATE_METHOD_MATCH = YES;
				"CODE_SIGN_IDENTITY[sdk=iphoneos*]" = "iPhone Developer";
				COPY_PHASE_STRIP = NO;
				DEBUG_INFORMATION_FORMAT = "dwarf-with-dsym";
				ENABLE_NS_ASSERTIONS = NO;
				ENABLE_STRICT_OBJC_MSGSEND = YES;
				GCC_C_LANGUAGE_STANDARD = gnu99;
				GCC_NO_COMMON_BLOCKS = YES;
				GCC_WARN_64_TO_32_BIT_CONVERSION = YES;
				GCC_WARN_ABOUT_RETURN_TYPE = YES_ERROR;
				GCC_WARN_UNDECLARED_SELECTOR = YES;
				GCC_WARN_UNINITIALIZED_AUTOS = YES_AGGRESSIVE;
				GCC_WARN_UNUSED_FUNCTION = YES;
				GCC_WARN_UNUSED_VARIABLE = YES;
				IPHONEOS_DEPLOYMENT_TARGET = 9.0;
				MTL_ENABLE_DEBUG_INFO = NO;
				SDKROOT = iphoneos;
				TARGETED_DEVICE_FAMILY = "1,2";
				VALIDATE_PRODUCT = YES;
			};
			name = Release;
		};
		95A1D3E01BA7C6B100D46D15 /* Debug */ = {
			isa = XCBuildConfiguration;
			buildSettings = {
				ASSETCATALOG_COMPILER_APPICON_NAME = AppIcon;
				CLANG_ENABLE_MODULES = YES;
				INFOPLIST_FILE = Gojimo/Info.plist;
				LD_RUNPATH_SEARCH_PATHS = "$(inherited) @executable_path/Frameworks";
				PRODUCT_BUNDLE_IDENTIFIER = fr.rogertan.Gojimo;
				PRODUCT_NAME = "$(TARGET_NAME)";
				SWIFT_OBJC_BRIDGING_HEADER = "Gojimo/Gojimo-Bridging-Header.h";
				SWIFT_OPTIMIZATION_LEVEL = "-Onone";
			};
			name = Debug;
		};
		95A1D3E11BA7C6B100D46D15 /* Release */ = {
			isa = XCBuildConfiguration;
			buildSettings = {
				ASSETCATALOG_COMPILER_APPICON_NAME = AppIcon;
				CLANG_ENABLE_MODULES = YES;
				INFOPLIST_FILE = Gojimo/Info.plist;
				LD_RUNPATH_SEARCH_PATHS = "$(inherited) @executable_path/Frameworks";
				PRODUCT_BUNDLE_IDENTIFIER = fr.rogertan.Gojimo;
				PRODUCT_NAME = "$(TARGET_NAME)";
				SWIFT_OBJC_BRIDGING_HEADER = "Gojimo/Gojimo-Bridging-Header.h";
			};
			name = Release;
		};
		95A1D3E31BA7C6B100D46D15 /* Debug */ = {
			isa = XCBuildConfiguration;
			buildSettings = {
				BUNDLE_LOADER = "$(TEST_HOST)";
				INFOPLIST_FILE = GojimoTests/Info.plist;
				LD_RUNPATH_SEARCH_PATHS = "$(inherited) @executable_path/Frameworks @loader_path/Frameworks";
				PRODUCT_BUNDLE_IDENTIFIER = fr.rogertan.GojimoTests;
				PRODUCT_NAME = "$(TARGET_NAME)";
				TEST_HOST = "$(BUILT_PRODUCTS_DIR)/Gojimo.app/Gojimo";
			};
			name = Debug;
		};
		95A1D3E41BA7C6B100D46D15 /* Release */ = {
			isa = XCBuildConfiguration;
			buildSettings = {
				BUNDLE_LOADER = "$(TEST_HOST)";
				INFOPLIST_FILE = GojimoTests/Info.plist;
				LD_RUNPATH_SEARCH_PATHS = "$(inherited) @executable_path/Frameworks @loader_path/Frameworks";
				PRODUCT_BUNDLE_IDENTIFIER = fr.rogertan.GojimoTests;
				PRODUCT_NAME = "$(TARGET_NAME)";
				TEST_HOST = "$(BUILT_PRODUCTS_DIR)/Gojimo.app/Gojimo";
			};
			name = Release;
		};
		95A1D3E61BA7C6B100D46D15 /* Debug */ = {
			isa = XCBuildConfiguration;
			buildSettings = {
				INFOPLIST_FILE = GojimoUITests/Info.plist;
				LD_RUNPATH_SEARCH_PATHS = "$(inherited) @executable_path/Frameworks @loader_path/Frameworks";
				PRODUCT_BUNDLE_IDENTIFIER = fr.rogertan.GojimoUITests;
				PRODUCT_NAME = "$(TARGET_NAME)";
				TEST_TARGET_NAME = Gojimo;
				USES_XCTRUNNER = YES;
			};
			name = Debug;
		};
		95A1D3E71BA7C6B100D46D15 /* Release */ = {
			isa = XCBuildConfiguration;
			buildSettings = {
				INFOPLIST_FILE = GojimoUITests/Info.plist;
				LD_RUNPATH_SEARCH_PATHS = "$(inherited) @executable_path/Frameworks @loader_path/Frameworks";
				PRODUCT_BUNDLE_IDENTIFIER = fr.rogertan.GojimoUITests;
				PRODUCT_NAME = "$(TARGET_NAME)";
				TEST_TARGET_NAME = Gojimo;
				USES_XCTRUNNER = YES;
			};
			name = Release;
		};
/* End XCBuildConfiguration section */

/* Begin XCConfigurationList section */
		95A1D3AF1BA7C6B000D46D15 /* Build configuration list for PBXProject "Gojimo" */ = {
			isa = XCConfigurationList;
			buildConfigurations = (
				95A1D3DD1BA7C6B100D46D15 /* Debug */,
				95A1D3DE1BA7C6B100D46D15 /* Release */,
			);
			defaultConfigurationIsVisible = 0;
			defaultConfigurationName = Release;
		};
		95A1D3DF1BA7C6B100D46D15 /* Build configuration list for PBXNativeTarget "Gojimo" */ = {
			isa = XCConfigurationList;
			buildConfigurations = (
				95A1D3E01BA7C6B100D46D15 /* Debug */,
				95A1D3E11BA7C6B100D46D15 /* Release */,
			);
			defaultConfigurationIsVisible = 0;
		};
		95A1D3E21BA7C6B100D46D15 /* Build configuration list for PBXNativeTarget "GojimoTests" */ = {
			isa = XCConfigurationList;
			buildConfigurations = (
				95A1D3E31BA7C6B100D46D15 /* Debug */,
				95A1D3E41BA7C6B100D46D15 /* Release */,
			);
			defaultConfigurationIsVisible = 0;
		};
		95A1D3E51BA7C6B100D46D15 /* Build configuration list for PBXNativeTarget "GojimoUITests" */ = {
			isa = XCConfigurationList;
			buildConfigurations = (
				95A1D3E61BA7C6B100D46D15 /* Debug */,
				95A1D3E71BA7C6B100D46D15 /* Release */,
			);
			defaultConfigurationIsVisible = 0;
		};
/* End XCConfigurationList section */

/* Begin XCVersionGroup section */
		95A1D3BE1BA7C6B000D46D15 /* Gojimo.xcdatamodeld */ = {
			isa = XCVersionGroup;
			children = (
				95A1D3BF1BA7C6B000D46D15 /* Gojimo.xcdatamodel */,
			);
			currentVersion = 95A1D3BF1BA7C6B000D46D15 /* Gojimo.xcdatamodel */;
			path = Gojimo.xcdatamodeld;
			sourceTree = "<group>";
			versionGroupType = wrapper.xcdatamodel;
		};
/* End XCVersionGroup section */
	};
	rootObject = 95A1D3AC1BA7C6B000D46D15 /* Project object */;
}
